schema: '2.0'
stages:
  data_preparation:
    cmd: python src/stage_01_prepare_data.py
    deps:
    - path: data/data.xml
      md5: a304afb96060aad90176268345e10355
      size: 37891850
    - path: src/stage_01_prepare_data.py
      md5: 44291d3ffe3798c31efaf8efd0a1d55f
      size: 2235
    - path: src/utils
      md5: bcfad489cdf54a833edfb2e7a3e52002.dir
      size: 5766
      nfiles: 6
    outs:
    - path: artifacts/prepared
      md5: dc639257fd7e43c167de7349d66763c4.dir
      size: 23886351
      nfiles: 2
  featurization:
    cmd: python src/stage_02_featurization.py
    deps:
    - path: artifacts/prepared
      md5: dc639257fd7e43c167de7349d66763c4.dir
      size: 23886351
      nfiles: 2
    - path: src/stage_02_featurization.py
      md5: 6ed281b4c2449311eec26e66f6d18be5
      size: 3166
    - path: src/utils
      md5: bcfad489cdf54a833edfb2e7a3e52002.dir
      size: 5766
      nfiles: 6
    outs:
    - path: artifacts/features
      md5: a563ea56a4687403e2709810a4e810d9.dir
      size: 12272600
      nfiles: 2
  train:
    cmd: python src/stage_03_train.py
    deps:
    - path: artifacts/features/train.pkl
      md5: c250a06bdd10afa4d8f99200b728080a
      size: 8558700
    - path: src/stage_03_train.py
      md5: aa2fd8f8d1222f52048ce2758107411e
      size: 2479
    - path: src/utils
      md5: bcfad489cdf54a833edfb2e7a3e52002.dir
      size: 5766
      nfiles: 6
    outs:
    - path: artifacts/model/model.pkl
      md5: f5ed9b6beedc0d207232343f0007bf15
      size: 3123033
  evaluation:
    cmd: python src/stage_04_evaluate.py
    deps:
    - path: artifacts/features/test.pkl
      md5: f74393418855be060bfa0600c11cdb30
      size: 3713900
    - path: artifacts/model/model.pkl
      md5: f5ed9b6beedc0d207232343f0007bf15
      size: 3123033
    - path: src/stage_04_evaluate.py
      md5: 33d19b85bb55cea43d2de71a072205fc
      size: 3555
    - path: src/utils
      md5: bcfad489cdf54a833edfb2e7a3e52002.dir
      size: 5766
      nfiles: 6
    outs:
    - path: prc.json
      md5: 6a66bb83937396b2efaaaf20fc8b999c
      size: 145992
    - path: roc.json
      md5: 3a86f0a4a8e7bca8e5d0450dd987895b
      size: 138906
    - path: scores.json
      md5: 998d585d339f75a78e5691960b51a995
      size: 76
